
Microsoft Visual Studio Solution File, Format Version 12.00
# Visual Studio Version 16
VisualStudioVersion = 16.0.29424.173
MinimumVisualStudioVersion = 10.0.40219.1
Project("{FAE04EC0-301F-11D3-BF4B-00C04F79EFBC}") = "SaintCoinach", "SaintCoinach\SaintCoinach\SaintCoinach.csproj", "{8A7D65EB-3DE3-4631-B286-CC73A3126002}"
EndProject
Project("{FAE04EC0-301F-11D3-BF4B-00C04F79EFBC}") = "SaintCoinach.Graphics.Viewer", "SaintCoinach\SaintCoinach.Graphics.Viewer\SaintCoinach.Graphics.Viewer.csproj", "{226BF71E-334F-4585-8FEC-4239704CF539}"
EndProject
Project("{FAE04EC0-301F-11D3-BF4B-00C04F79EFBC}") = "Nophica", "Nophica.csproj", "{394A785A-23C3-4599-A172-A66858B8A347}"
EndProject
Project("{FAE04EC0-301F-11D3-BF4B-00C04F79EFBC}") = "Nophica.Tests", "Nophica.Tests\Nophica.Tests.csproj", "{7C1923C4-1634-4735-9AE8-5B8E26B2607F}"
EndProject
Project("{FAE04EC0-301F-11D3-BF4B-00C04F79EFBC}") = "Nophica.Examiner", "..\Nophica.Examiner\Nophica.Examiner.csproj", "{0172C26D-5007-4907-9AE7-241F2DB4932B}"
EndProject
Global
	GlobalSection(SolutionConfigurationPlatforms) = preSolution
		Debug|Any CPU = Debug|Any CPU
		Release|Any CPU = Release|Any CPU
	EndGlobalSection
	GlobalSection(ProjectConfigurationPlatforms) = postSolution
		{8A7D65EB-3DE3-4631-B286-CC73A3126002}.Debug|Any CPU.ActiveCfg = Debug|Any CPU
		{8A7D65EB-3DE3-4631-B286-CC73A3126002}.Debug|Any CPU.Build.0 = Debug|Any CPU
		{8A7D65EB-3DE3-4631-B286-CC73A3126002}.Release|Any CPU.ActiveCfg = Release|Any CPU
		{8A7D65EB-3DE3-4631-B286-CC73A3126002}.Release|Any CPU.Build.0 = Release|Any CPU
		{226BF71E-334F-4585-8FEC-4239704CF539}.Debug|Any CPU.ActiveCfg = Debug|Any CPU
		{226BF71E-334F-4585-8FEC-4239704CF539}.Debug|Any CPU.Build.0 = Debug|Any CPU
		{226BF71E-334F-4585-8FEC-4239704CF539}.Release|Any CPU.ActiveCfg = Release|Any CPU
		{226BF71E-334F-4585-8FEC-4239704CF539}.Release|Any CPU.Build.0 = Release|Any CPU
		{394A785A-23C3-4599-A172-A66858B8A347}.Debug|Any CPU.ActiveCfg = Debug|Any CPU
		{394A785A-23C3-4599-A172-A66858B8A347}.Debug|Any CPU.Build.0 = Debug|Any CPU
		{394A785A-23C3-4599-A172-A66858B8A347}.Release|Any CPU.ActiveCfg = Release|Any CPU
		{394A785A-23C3-4599-A172-A66858B8A347}.Release|Any CPU.Build.0 = Release|Any CPU
		{7C1923C4-1634-4735-9AE8-5B8E26B2607F}.Debug|Any CPU.ActiveCfg = Debug|Any CPU
		{7C1923C4-1634-4735-9AE8-5B8E26B2607F}.Debug|Any CPU.Build.0 = Debug|Any CPU
		{7C1923C4-1634-4735-9AE8-5B8E26B2607F}.Release|Any CPU.ActiveCfg = Release|Any CPU
		{7C1923C4-1634-4735-9AE8-5B8E26B2607F}.Release|Any CPU.Build.0 = Release|Any CPU
		{0172C26D-5007-4907-9AE7-241F2DB4932B}.Debug|Any CPU.ActiveCfg = Debug|Any CPU
		{0172C26D-5007-4907-9AE7-241F2DB4932B}.Debug|Any CPU.Build.0 = Debug|Any CPU
		{0172C26D-5007-4907-9AE7-241F2DB4932B}.Release|Any CPU.ActiveCfg = Release|Any CPU
		{0172C26D-5007-4907-9AE7-241F2DB4932B}.Release|Any CPU.Build.0 = Release|Any CPU
	EndGlobalSection
	GlobalSection(SolutionProperties) = preSolution
		HideSolutionNode = FALSE
	EndGlobalSection
	GlobalSection(ExtensibilityGlobals) = postSolution
		SolutionGuid = {9166E4AC-3AE6-4638-81C0-772C9299EF37}
	EndGlobalSection
EndGlobal
